
Microsoft Visual Studio Solution File, Format Version 12.00
# Visual Studio Version 17
VisualStudioVersion = 17.8.34330.188
MinimumVisualStudioVersion = 10.0.40219.1
Project("{2150E333-8FDC-42A3-9474-1A3956D46DE8}") = "src", "src", "{F687DDB9-610D-4244-94F2-D4680FA03E00}"
EndProject
Project("{2150E333-8FDC-42A3-9474-1A3956D46DE8}") = "tests", "tests", "{7C7ACAEF-62CE-42A4-A14F-F55B35144CF3}"
EndProject
Project("{2150E333-8FDC-42A3-9474-1A3956D46DE8}") = "Backend", "Backend", "{2528A552-8775-4732-8C0B-0CF287C8546D}"
EndProject
Project("{2150E333-8FDC-42A3-9474-1A3956D46DE8}") = "Shared", "Shared", "{5851E0FD-C72C-476E-AEC7-8849E5BAAE24}"
EndProject
Project("{FAE04EC0-301F-11D3-BF4B-00C04F79EFBC}") = "PostAppApi.Comunicacao", "src\Shared\PostAppApi.Comunicacao\PostAppApi.Comunicacao.csproj", "{78091E6C-DCF5-4E67-9417-F9C24BBD076C}"
EndProject
Project("{FAE04EC0-301F-11D3-BF4B-00C04F79EFBC}") = "PostAppApi.Exceptions", "src\Shared\PostAppApi.Exceptions\PostAppApi.Exceptions.csproj", "{B8D131E5-E005-470C-B395-7C7CE4D5425F}"
EndProject
Project("{FAE04EC0-301F-11D3-BF4B-00C04F79EFBC}") = "PostAppApi.Application", "src\Backend\PostAppApi.Application\PostAppApi.Application.csproj", "{02A20131-C6D2-40B6-B9D3-5D0229E2DE34}"
EndProject
Project("{FAE04EC0-301F-11D3-BF4B-00C04F79EFBC}") = "PostAppApi.Domain", "src\Backend\PostAppApi.Domain\PostAppApi.Domain.csproj", "{A0C3CD97-58E0-46F2-B4B6-55607A215014}"
EndProject
Project("{FAE04EC0-301F-11D3-BF4B-00C04F79EFBC}") = "PostAppApi.Infrastructure", "src\Backend\PostAppApi.Infrastructure\PostAppApi.Infrastructure.csproj", "{8D10AF89-3D4F-4276-A5A8-295F86F45EAA}"
EndProject
Project("{FAE04EC0-301F-11D3-BF4B-00C04F79EFBC}") = "PostAppApi.Api", "src\Backend\PostAppApi.Api\PostAppApi.Api.csproj", "{51FAF0CB-68F1-40FF-AD1F-06C693A76728}"
EndProject
Project("{FAE04EC0-301F-11D3-BF4B-00C04F79EFBC}") = "Validators.Test", "tests\Validators.Test\Validators.Test.csproj", "{CEA7081F-EE49-4D5B-8E2E-5C0601B95924}"
EndProject
Project("{FAE04EC0-301F-11D3-BF4B-00C04F79EFBC}") = "UseCases.Test", "tests\UseCases.Test\UseCases.Test.csproj", "{9244D6E6-B11D-4959-9034-0FBF778C2C3F}"
EndProject
Project("{FAE04EC0-301F-11D3-BF4B-00C04F79EFBC}") = "WebApi.Test", "tests\WebApi.Test\WebApi.Test.csproj", "{3D9469DB-61C0-42D4-92A4-85A017040C9F}"
EndProject
Global
	GlobalSection(SolutionConfigurationPlatforms) = preSolution
		Debug|Any CPU = Debug|Any CPU
		Release|Any CPU = Release|Any CPU
	EndGlobalSection
	GlobalSection(ProjectConfigurationPlatforms) = postSolution
		{78091E6C-DCF5-4E67-9417-F9C24BBD076C}.Debug|Any CPU.ActiveCfg = Debug|Any CPU
		{78091E6C-DCF5-4E67-9417-F9C24BBD076C}.Debug|Any CPU.Build.0 = Debug|Any CPU
		{78091E6C-DCF5-4E67-9417-F9C24BBD076C}.Release|Any CPU.ActiveCfg = Release|Any CPU
		{78091E6C-DCF5-4E67-9417-F9C24BBD076C}.Release|Any CPU.Build.0 = Release|Any CPU
		{B8D131E5-E005-470C-B395-7C7CE4D5425F}.Debug|Any CPU.ActiveCfg = Debug|Any CPU
		{B8D131E5-E005-470C-B395-7C7CE4D5425F}.Debug|Any CPU.Build.0 = Debug|Any CPU
		{B8D131E5-E005-470C-B395-7C7CE4D5425F}.Release|Any CPU.ActiveCfg = Release|Any CPU
		{B8D131E5-E005-470C-B395-7C7CE4D5425F}.Release|Any CPU.Build.0 = Release|Any CPU
		{02A20131-C6D2-40B6-B9D3-5D0229E2DE34}.Debug|Any CPU.ActiveCfg = Debug|Any CPU
		{02A20131-C6D2-40B6-B9D3-5D0229E2DE34}.Debug|Any CPU.Build.0 = Debug|Any CPU
		{02A20131-C6D2-40B6-B9D3-5D0229E2DE34}.Release|Any CPU.ActiveCfg = Release|Any CPU
		{02A20131-C6D2-40B6-B9D3-5D0229E2DE34}.Release|Any CPU.Build.0 = Release|Any CPU
		{A0C3CD97-58E0-46F2-B4B6-55607A215014}.Debug|Any CPU.ActiveCfg = Debug|Any CPU
		{A0C3CD97-58E0-46F2-B4B6-55607A215014}.Debug|Any CPU.Build.0 = Debug|Any CPU
		{A0C3CD97-58E0-46F2-B4B6-55607A215014}.Release|Any CPU.ActiveCfg = Release|Any CPU
		{A0C3CD97-58E0-46F2-B4B6-55607A215014}.Release|Any CPU.Build.0 = Release|Any CPU
		{8D10AF89-3D4F-4276-A5A8-295F86F45EAA}.Debug|Any CPU.ActiveCfg = Debug|Any CPU
		{8D10AF89-3D4F-4276-A5A8-295F86F45EAA}.Debug|Any CPU.Build.0 = Debug|Any CPU
		{8D10AF89-3D4F-4276-A5A8-295F86F45EAA}.Release|Any CPU.ActiveCfg = Release|Any CPU
		{8D10AF89-3D4F-4276-A5A8-295F86F45EAA}.Release|Any CPU.Build.0 = Release|Any CPU
		{51FAF0CB-68F1-40FF-AD1F-06C693A76728}.Debug|Any CPU.ActiveCfg = Debug|Any CPU
		{51FAF0CB-68F1-40FF-AD1F-06C693A76728}.Debug|Any CPU.Build.0 = Debug|Any CPU
		{51FAF0CB-68F1-40FF-AD1F-06C693A76728}.Release|Any CPU.ActiveCfg = Release|Any CPU
		{51FAF0CB-68F1-40FF-AD1F-06C693A76728}.Release|Any CPU.Build.0 = Release|Any CPU
		{CEA7081F-EE49-4D5B-8E2E-5C0601B95924}.Debug|Any CPU.ActiveCfg = Debug|Any CPU
		{CEA7081F-EE49-4D5B-8E2E-5C0601B95924}.Debug|Any CPU.Build.0 = Debug|Any CPU
		{CEA7081F-EE49-4D5B-8E2E-5C0601B95924}.Release|Any CPU.ActiveCfg = Release|Any CPU
		{CEA7081F-EE49-4D5B-8E2E-5C0601B95924}.Release|Any CPU.Build.0 = Release|Any CPU
		{9244D6E6-B11D-4959-9034-0FBF778C2C3F}.Debug|Any CPU.ActiveCfg = Debug|Any CPU
		{9244D6E6-B11D-4959-9034-0FBF778C2C3F}.Debug|Any CPU.Build.0 = Debug|Any CPU
		{9244D6E6-B11D-4959-9034-0FBF778C2C3F}.Release|Any CPU.ActiveCfg = Release|Any CPU
		{9244D6E6-B11D-4959-9034-0FBF778C2C3F}.Release|Any CPU.Build.0 = Release|Any CPU
		{3D9469DB-61C0-42D4-92A4-85A017040C9F}.Debug|Any CPU.ActiveCfg = Debug|Any CPU
		{3D9469DB-61C0-42D4-92A4-85A017040C9F}.Debug|Any CPU.Build.0 = Debug|Any CPU
		{3D9469DB-61C0-42D4-92A4-85A017040C9F}.Release|Any CPU.ActiveCfg = Release|Any CPU
		{3D9469DB-61C0-42D4-92A4-85A017040C9F}.Release|Any CPU.Build.0 = Release|Any CPU
	EndGlobalSection
	GlobalSection(SolutionProperties) = preSolution
		HideSolutionNode = FALSE
	EndGlobalSection
	GlobalSection(NestedProjects) = preSolution
		{2528A552-8775-4732-8C0B-0CF287C8546D} = {F687DDB9-610D-4244-94F2-D4680FA03E00}
		{5851E0FD-C72C-476E-AEC7-8849E5BAAE24} = {F687DDB9-610D-4244-94F2-D4680FA03E00}
		{78091E6C-DCF5-4E67-9417-F9C24BBD076C} = {5851E0FD-C72C-476E-AEC7-8849E5BAAE24}
		{B8D131E5-E005-470C-B395-7C7CE4D5425F} = {5851E0FD-C72C-476E-AEC7-8849E5BAAE24}
		{02A20131-C6D2-40B6-B9D3-5D0229E2DE34} = {2528A552-8775-4732-8C0B-0CF287C8546D}
		{A0C3CD97-58E0-46F2-B4B6-55607A215014} = {2528A552-8775-4732-8C0B-0CF287C8546D}
		{8D10AF89-3D4F-4276-A5A8-295F86F45EAA} = {2528A552-8775-4732-8C0B-0CF287C8546D}
		{51FAF0CB-68F1-40FF-AD1F-06C693A76728} = {2528A552-8775-4732-8C0B-0CF287C8546D}
		{CEA7081F-EE49-4D5B-8E2E-5C0601B95924} = {7C7ACAEF-62CE-42A4-A14F-F55B35144CF3}
		{9244D6E6-B11D-4959-9034-0FBF778C2C3F} = {7C7ACAEF-62CE-42A4-A14F-F55B35144CF3}
		{3D9469DB-61C0-42D4-92A4-85A017040C9F} = {7C7ACAEF-62CE-42A4-A14F-F55B35144CF3}
	EndGlobalSection
	GlobalSection(ExtensibilityGlobals) = postSolution
		SolutionGuid = {813C100B-4C35-44D9-9498-35EC03C4613F}
	EndGlobalSection
EndGlobal
